
Microsoft Visual Studio Solution File, Format Version 12.00
# Visual Studio 15
VisualStudioVersion = 15.0.28010.2016
MinimumVisualStudioVersion = 10.0.40219.1
Project("{FAE04EC0-301F-11D3-BF4B-00C04F79EFBC}") = "laba2", "laba2\laba2.csproj", "{36C57E49-74B5-49D8-8747-3B7A549EE148}"
EndProject
Global
	GlobalSection(SolutionConfigurationPlatforms) = preSolution
		Debug|Any CPU = Debug|Any CPU
		Release|Any CPU = Release|Any CPU
	EndGlobalSection
	GlobalSection(ProjectConfigurationPlatforms) = postSolution
		{36C57E49-74B5-49D8-8747-3B7A549EE148}.Debug|Any CPU.ActiveCfg = Debug|Any CPU
		{36C57E49-74B5-49D8-8747-3B7A549EE148}.Debug|Any CPU.Build.0 = Debug|Any CPU
		{36C57E49-74B5-49D8-8747-3B7A549EE148}.Release|Any CPU.ActiveCfg = Release|Any CPU
		{36C57E49-74B5-49D8-8747-3B7A549EE148}.Release|Any CPU.Build.0 = Release|Any CPU
	EndGlobalSection
	GlobalSection(SolutionProperties) = preSolution
		HideSolutionNode = FALSE
	EndGlobalSection
	GlobalSection(ExtensibilityGlobals) = postSolution
		SolutionGuid = {A21AA711-3605-45F9-BC94-BB5AD0F5CDA2}
	EndGlobalSection
EndGlobal
